<Project xmlns="http://schemas.microsoft.com/developer/msbuild/2003">
    <PropertyGroup>
        <ProjectGuid>{388FD8C7-20C9-4930-90D4-3F75599AB8BE}</ProjectGuid>
        <MainSource>BookInfoPanelTest.dpr</MainSource>
        <ProjectVersion>20.3</ProjectVersion>
        <FrameworkType>VCL</FrameworkType>
        <AppType>Console</AppType>
        <Base>True</Base>
        <Config Condition="'$(Config)'==''">Release</Config>
        <Platform Condition="'$(Platform)'==''">Win64</Platform>
        <TargetedPlatforms>3</TargetedPlatforms>
        <DCC_Namespace>System;Xml;Data;Vcl;Vcl.Imaging;Vcl.Themes;Winapi;System.Win;Xml.Win;$(DCC_Namespace)</DCC_Namespace>
        <DCC_UnitSearchPath>..;$(DCC_UnitSearchPath)</DCC_UnitSearchPath>
        <DCC_DcuOutput>Out\$(Platform)</DCC_DcuOutput>
        <DCC_ExeOutput>Out\$(Platform)</DCC_ExeOutput>
        <DCC_UnitAlias>WinTypes=Winapi.Windows;WinProcs=Winapi.Windows;$(DCC_UnitAlias)</DCC_UnitAlias>
        <DCC_RangeChecking>true</DCC_RangeChecking>
        <DCC_Assertions>true</DCC_Assertions>
        <AppEnableRuntimeThemes>true</AppEnableRuntimeThemes>
        <Manifest_File>$(BDS)\bin\default_app.manifest</Manifest_File>
    </PropertyGroup>
    <ItemGroup>
        <DelphiCompile Include="$(MainSource)"><MainSource>MainSource</MainSource></DelphiCompile>
        <BuildConfiguration Include="Base"><Key>Base</Key></BuildConfiguration>
        <BuildConfiguration Include="Release"><Key>Cfg_1</Key><CfgParent>Base</CfgParent></BuildConfiguration>
    </ItemGroup>
    <Import Project="$(BDS)\Bin\CodeGear.Delphi.Targets" />
    <ProjectExtensions>
        <Borland.Personality>Delphi.Personality.12</Borland.Personality>
        <Borland.ProjectType>Console</Borland.ProjectType>
        <BorlandProject><Platforms><Platform value="Win32">True</Platform><Platform value="Win64">True</Platform></Platforms></BorlandProject>
    </ProjectExtensions>
</Project>
